
Microsoft Visual Studio Solution File, Format Version 12.00
# Visual Studio Version 17
VisualStudioVersion = 17.11.35312.102
MinimumVisualStudioVersion = 10.0.40219.1
Project("{9A19103F-16F7-4668-BE54-9A1E7A4F7556}") = "ComprehensiveToolPlatform", "ComprehensiveToolPlatform\ComprehensiveToolPlatform.csproj", "{35D4BDD1-CF31-4999-BB74-AE034AFCDFFE}"
EndProject
Project("{9A19103F-16F7-4668-BE54-9A1E7A4F7556}") = "ComprehensiveToolPlatform.Service", "ComprehensiveToolPlatform.Service\ComprehensiveToolPlatform.Service.csproj", "{E7DB3A72-8FA6-47C7-A18B-3B380AD489E3}"
EndProject
Project("{9A19103F-16F7-4668-BE54-9A1E7A4F7556}") = "ComprehensiveToolPlatform.Common", "ComprehensiveToolPlatform.Common\ComprehensiveToolPlatform.Common.csproj", "{DC790BE9-A926-48DB-A3D5-C4CF1DE98121}"
EndProject
Project("{FAE04EC0-301F-11D3-BF4B-00C04F79EFBC}") = "ComprehensiveToolPlatform.Repository", "ComprehensiveToolPlatform.Repository\ComprehensiveToolPlatform.Repository.csproj", "{3867A6BA-22E3-4E87-A344-02CCDEB9F29D}"
EndProject
Global
	GlobalSection(SolutionConfigurationPlatforms) = preSolution
		Debug|Any CPU = Debug|Any CPU
		Release|Any CPU = Release|Any CPU
	EndGlobalSection
	GlobalSection(ProjectConfigurationPlatforms) = postSolution
		{35D4BDD1-CF31-4999-BB74-AE034AFCDFFE}.Debug|Any CPU.ActiveCfg = Debug|Any CPU
		{35D4BDD1-CF31-4999-BB74-AE034AFCDFFE}.Debug|Any CPU.Build.0 = Debug|Any CPU
		{35D4BDD1-CF31-4999-BB74-AE034AFCDFFE}.Release|Any CPU.ActiveCfg = Release|Any CPU
		{35D4BDD1-CF31-4999-BB74-AE034AFCDFFE}.Release|Any CPU.Build.0 = Release|Any CPU
		{E7DB3A72-8FA6-47C7-A18B-3B380AD489E3}.Debug|Any CPU.ActiveCfg = Debug|Any CPU
		{E7DB3A72-8FA6-47C7-A18B-3B380AD489E3}.Debug|Any CPU.Build.0 = Debug|Any CPU
		{E7DB3A72-8FA6-47C7-A18B-3B380AD489E3}.Release|Any CPU.ActiveCfg = Release|Any CPU
		{E7DB3A72-8FA6-47C7-A18B-3B380AD489E3}.Release|Any CPU.Build.0 = Release|Any CPU
		{DC790BE9-A926-48DB-A3D5-C4CF1DE98121}.Debug|Any CPU.ActiveCfg = Debug|Any CPU
		{DC790BE9-A926-48DB-A3D5-C4CF1DE98121}.Debug|Any CPU.Build.0 = Debug|Any CPU
		{DC790BE9-A926-48DB-A3D5-C4CF1DE98121}.Release|Any CPU.ActiveCfg = Release|Any CPU
		{DC790BE9-A926-48DB-A3D5-C4CF1DE98121}.Release|Any CPU.Build.0 = Release|Any CPU
		{3867A6BA-22E3-4E87-A344-02CCDEB9F29D}.Debug|Any CPU.ActiveCfg = Debug|Any CPU
		{3867A6BA-22E3-4E87-A344-02CCDEB9F29D}.Debug|Any CPU.Build.0 = Debug|Any CPU
		{3867A6BA-22E3-4E87-A344-02CCDEB9F29D}.Release|Any CPU.ActiveCfg = Release|Any CPU
		{3867A6BA-22E3-4E87-A344-02CCDEB9F29D}.Release|Any CPU.Build.0 = Release|Any CPU
	EndGlobalSection
	GlobalSection(SolutionProperties) = preSolution
		HideSolutionNode = FALSE
	EndGlobalSection
	GlobalSection(ExtensibilityGlobals) = postSolution
		SolutionGuid = {2A18C64B-248C-44DB-A513-3BB0862A9EB3}
	EndGlobalSection
EndGlobal
